Microsoft Visual Studio Solution File, Format Version 12.00
# Visual Studio Version 17
VisualStudioVersion = 17.14.36203.30
MinimumVisualStudioVersion = 10.0.40219.1
Project("{FAE04EC0-301F-11D3-BF4B-00C04F79EFBC}") = "FLPStore.AppHost", "FLPStore.AppHost\FLPStore.AppHost.csproj", "{DBAE7E83-0379-4C81-A4DD-C3457A27E614}"
EndProject
Project("{FAE04EC0-301F-11D3-BF4B-00C04F79EFBC}") = "FLPStore.ServiceDefaults", "FLPStore.ServiceDefaults\FLPStore.ServiceDefaults.csproj", "{14A0646C-CBB1-55D6-A662-5A0CAC19D432}"
EndProject
Project("{FAE04EC0-301F-11D3-BF4B-00C04F79EFBC}") = "FLPStore.ApiService", "FLPStore.ApiService\FLPStore.ApiService.csproj", "{9A02BC70-EA69-7B28-E685-E2E3159DBF31}"
EndProject
Project("{FAE04EC0-301F-11D3-BF4B-00C04F79EFBC}") = "FLPStore.Web", "FLPStore.Web\FLPStore.Web.csproj", "{A02FB4ED-163D-0332-3779-B4C0D14AF748}"
EndProject
Project("{FAE04EC0-301F-11D3-BF4B-00C04F79EFBC}") = "FLPStore.Tests", "FLPStore.Tests\FLPStore.Tests.csproj", "{ED4D4D8C-4DB3-E82D-DEDB-504BA9388D6F}"
EndProject
Project("{FAE04EC0-301F-11D3-BF4B-00C04F79EFBC}") = "FLPStore.Core", "FLPStore.Core\FLPStore.Core.csproj", "{E25566D2-8667-4945-B60E-8C98FEBEC6D3}"
EndProject
Project("{2150E333-8FDC-42A3-9474-1A3956D46DE8}") = "Solution", "Solution", "{02EA681E-C7D8-13C7-8484-4AC65E1B71E8}"
	ProjectSection(SolutionItems) = preProject
		README.md = README.md
	EndProjectSection
EndProject
Project("{FAE04EC0-301F-11D3-BF4B-00C04F79EFBC}") = "FLPStore.Domain", "FLPStore.Domain\FLPStore.Domain.csproj", "{79CF850A-783A-416B-8F19-709256E07FB5}"
EndProject
Project("{FAE04EC0-301F-11D3-BF4B-00C04F79EFBC}") = "FLPStore.CrossCutting", "FLPStore.CrossCutting\FLPStore.CrossCutting.csproj", "{4C172285-7BEA-44EF-8BE3-63F3F63223D3}"
EndProject
Global
	GlobalSection(SolutionConfigurationPlatforms) = preSolution
		Debug|Any CPU = Debug|Any CPU
		Release|Any CPU = Release|Any CPU
	EndGlobalSection
	GlobalSection(ProjectConfigurationPlatforms) = postSolution
		{DBAE7E83-0379-4C81-A4DD-C3457A27E614}.Debug|Any CPU.ActiveCfg = Debug|Any CPU
		{DBAE7E83-0379-4C81-A4DD-C3457A27E614}.Debug|Any CPU.Build.0 = Debug|Any CPU
		{DBAE7E83-0379-4C81-A4DD-C3457A27E614}.Release|Any CPU.ActiveCfg = Release|Any CPU
		{DBAE7E83-0379-4C81-A4DD-C3457A27E614}.Release|Any CPU.Build.0 = Release|Any CPU
		{14A0646C-CBB1-55D6-A662-5A0CAC19D432}.Debug|Any CPU.ActiveCfg = Debug|Any CPU
		{14A0646C-CBB1-55D6-A662-5A0CAC19D432}.Debug|Any CPU.Build.0 = Debug|Any CPU
		{14A0646C-CBB1-55D6-A662-5A0CAC19D432}.Release|Any CPU.ActiveCfg = Release|Any CPU
		{14A0646C-CBB1-55D6-A662-5A0CAC19D432}.Release|Any CPU.Build.0 = Release|Any CPU
		{9A02BC70-EA69-7B28-E685-E2E3159DBF31}.Debug|Any CPU.ActiveCfg = Debug|Any CPU
		{9A02BC70-EA69-7B28-E685-E2E3159DBF31}.Debug|Any CPU.Build.0 = Debug|Any CPU
		{9A02BC70-EA69-7B28-E685-E2E3159DBF31}.Release|Any CPU.ActiveCfg = Release|Any CPU
		{9A02BC70-EA69-7B28-E685-E2E3159DBF31}.Release|Any CPU.Build.0 = Release|Any CPU
		{A02FB4ED-163D-0332-3779-B4C0D14AF748}.Debug|Any CPU.ActiveCfg = Debug|Any CPU
		{A02FB4ED-163D-0332-3779-B4C0D14AF748}.Debug|Any CPU.Build.0 = Debug|Any CPU
		{A02FB4ED-163D-0332-3779-B4C0D14AF748}.Release|Any CPU.ActiveCfg = Release|Any CPU
		{A02FB4ED-163D-0332-3779-B4C0D14AF748}.Release|Any CPU.Build.0 = Release|Any CPU
		{ED4D4D8C-4DB3-E82D-DEDB-504BA9388D6F}.Debug|Any CPU.ActiveCfg = Debug|Any CPU
		{ED4D4D8C-4DB3-E82D-DEDB-504BA9388D6F}.Debug|Any CPU.Build.0 = Debug|Any CPU
		{ED4D4D8C-4DB3-E82D-DEDB-504BA9388D6F}.Release|Any CPU.ActiveCfg = Release|Any CPU
		{ED4D4D8C-4DB3-E82D-DEDB-504BA9388D6F}.Release|Any CPU.Build.0 = Release|Any CPU
		{E25566D2-8667-4945-B60E-8C98FEBEC6D3}.Debug|Any CPU.ActiveCfg = Debug|Any CPU
		{E25566D2-8667-4945-B60E-8C98FEBEC6D3}.Debug|Any CPU.Build.0 = Debug|Any CPU
		{E25566D2-8667-4945-B60E-8C98FEBEC6D3}.Release|Any CPU.ActiveCfg = Release|Any CPU
		{E25566D2-8667-4945-B60E-8C98FEBEC6D3}.Release|Any CPU.Build.0 = Release|Any CPU
		{79CF850A-783A-416B-8F19-709256E07FB5}.Debug|Any CPU.ActiveCfg = Debug|Any CPU
		{79CF850A-783A-416B-8F19-709256E07FB5}.Debug|Any CPU.Build.0 = Debug|Any CPU
		{79CF850A-783A-416B-8F19-709256E07FB5}.Release|Any CPU.ActiveCfg = Release|Any CPU
		{79CF850A-783A-416B-8F19-709256E07FB5}.Release|Any CPU.Build.0 = Release|Any CPU
		{4C172285-7BEA-44EF-8BE3-63F3F63223D3}.Debug|Any CPU.ActiveCfg = Debug|Any CPU
		{4C172285-7BEA-44EF-8BE3-63F3F63223D3}.Debug|Any CPU.Build.0 = Debug|Any CPU
		{4C172285-7BEA-44EF-8BE3-63F3F63223D3}.Release|Any CPU.ActiveCfg = Release|Any CPU
		{4C172285-7BEA-44EF-8BE3-63F3F63223D3}.Release|Any CPU.Build.0 = Release|Any CPU
	EndGlobalSection
	GlobalSection(SolutionProperties) = preSolution
		HideSolutionNode = FALSE
	EndGlobalSection
	GlobalSection(ExtensibilityGlobals) = postSolution
		SolutionGuid = {82AC3137-BE54-441F-BFDD-85E5B28C1CB7}
	EndGlobalSection
EndGlobal
